
Microsoft Visual Studio Solution File, Format Version 12.00
Project("{FAE04EC0-301F-11D3-BF4B-00C04F79EFBC}") = "CleanArch.API", "CleanArch.API\CleanArch.API.csproj", "{CE4F33E8-83E5-43D8-8B0D-D1ABAC63628D}"
EndProject
Project("{FAE04EC0-301F-11D3-BF4B-00C04F79EFBC}") = "CleanArch.Domain", "CleanArch.Domain\CleanArch.Domain.csproj", "{F0A8B19A-58E4-44F6-834C-1D4DEC4F2E7B}"
EndProject
Project("{FAE04EC0-301F-11D3-BF4B-00C04F79EFBC}") = "CleanArch.Application", "CleanArch.Application\CleanArch.Application.csproj", "{CCB9EE0B-F201-4C50-B0EC-9DDD9181965D}"
EndProject
Project("{FAE04EC0-301F-11D3-BF4B-00C04F79EFBC}") = "CleanArch.Infrastructure", "CleanArch.Infrastructure\CleanArch.Infrastructure.csproj", "{B1FC1DF0-C678-497D-BCCF-F905C76DEFF9}"
EndProject
Project("{FAE04EC0-301F-11D3-BF4B-00C04F79EFBC}") = "CleanArch.Tests", "CleanArch.Tests\CleanArch.Tests.csproj", "{447A9931-2A58-4A64-96D4-5E5A51621CB5}"
EndProject
Global
	GlobalSection(SolutionConfigurationPlatforms) = preSolution
		Debug|Any CPU = Debug|Any CPU
		Release|Any CPU = Release|Any CPU
	EndGlobalSection
	GlobalSection(ProjectConfigurationPlatforms) = postSolution
		{CE4F33E8-83E5-43D8-8B0D-D1ABAC63628D}.Debug|Any CPU.ActiveCfg = Debug|Any CPU
		{CE4F33E8-83E5-43D8-8B0D-D1ABAC63628D}.Debug|Any CPU.Build.0 = Debug|Any CPU
		{CE4F33E8-83E5-43D8-8B0D-D1ABAC63628D}.Release|Any CPU.ActiveCfg = Release|Any CPU
		{CE4F33E8-83E5-43D8-8B0D-D1ABAC63628D}.Release|Any CPU.Build.0 = Release|Any CPU
		{F0A8B19A-58E4-44F6-834C-1D4DEC4F2E7B}.Debug|Any CPU.ActiveCfg = Debug|Any CPU
		{F0A8B19A-58E4-44F6-834C-1D4DEC4F2E7B}.Debug|Any CPU.Build.0 = Debug|Any CPU
		{F0A8B19A-58E4-44F6-834C-1D4DEC4F2E7B}.Release|Any CPU.ActiveCfg = Release|Any CPU
		{F0A8B19A-58E4-44F6-834C-1D4DEC4F2E7B}.Release|Any CPU.Build.0 = Release|Any CPU
		{CCB9EE0B-F201-4C50-B0EC-9DDD9181965D}.Debug|Any CPU.ActiveCfg = Debug|Any CPU
		{CCB9EE0B-F201-4C50-B0EC-9DDD9181965D}.Debug|Any CPU.Build.0 = Debug|Any CPU
		{CCB9EE0B-F201-4C50-B0EC-9DDD9181965D}.Release|Any CPU.ActiveCfg = Release|Any CPU
		{CCB9EE0B-F201-4C50-B0EC-9DDD9181965D}.Release|Any CPU.Build.0 = Release|Any CPU
		{B1FC1DF0-C678-497D-BCCF-F905C76DEFF9}.Debug|Any CPU.ActiveCfg = Debug|Any CPU
		{B1FC1DF0-C678-497D-BCCF-F905C76DEFF9}.Debug|Any CPU.Build.0 = Debug|Any CPU
		{B1FC1DF0-C678-497D-BCCF-F905C76DEFF9}.Release|Any CPU.ActiveCfg = Release|Any CPU
		{B1FC1DF0-C678-497D-BCCF-F905C76DEFF9}.Release|Any CPU.Build.0 = Release|Any CPU
		{447A9931-2A58-4A64-96D4-5E5A51621CB5}.Debug|Any CPU.ActiveCfg = Debug|Any CPU
		{447A9931-2A58-4A64-96D4-5E5A51621CB5}.Debug|Any CPU.Build.0 = Debug|Any CPU
		{447A9931-2A58-4A64-96D4-5E5A51621CB5}.Release|Any CPU.ActiveCfg = Release|Any CPU
		{447A9931-2A58-4A64-96D4-5E5A51621CB5}.Release|Any CPU.Build.0 = Release|Any CPU
	EndGlobalSection
EndGlobal
